// !$*UTF8*$!
{
	archiveVersion = 1;
	classes = {
	};
	objectVersion = 46;
	objects = {

/* Begin PBXBuildFile section */
		C71D7F241E3E95D4002CB37B /* OHHTTPStubs.framework in Frameworks */ = {isa = PBXBuildFile; fileRef = C71D7F231E3E95D4002CB37B /* OHHTTPStubs.framework */; };
		C71D7F261E3E95F1002CB37B /* OHHTTPStubs.framework in Frameworks */ = {isa = PBXBuildFile; fileRef = C71D7F251E3E95F1002CB37B /* OHHTTPStubs.framework */; };
		C71D7F281E3E965A002CB37B /* UserTests.swift in Sources */ = {isa = PBXBuildFile; fileRef = C71D7F271E3E965A002CB37B /* UserTests.swift */; };
		C71D7F291E3E965A002CB37B /* UserTests.swift in Sources */ = {isa = PBXBuildFile; fileRef = C71D7F271E3E965A002CB37B /* UserTests.swift */; };
		C71D7F541E469A00002CB37B /* Protocols.swift in Sources */ = {isa = PBXBuildFile; fileRef = C71D7F531E469A00002CB37B /* Protocols.swift */; };
		C71D7F551E469A00002CB37B /* Protocols.swift in Sources */ = {isa = PBXBuildFile; fileRef = C71D7F531E469A00002CB37B /* Protocols.swift */; };
		C725A4F71E3D4D7E0026A71D /* KeychainSwiftDistrib.swift in Sources */ = {isa = PBXBuildFile; fileRef = C725A4F31E3D4D7E0026A71D /* KeychainSwiftDistrib.swift */; };
		C725A4F81E3D4D7E0026A71D /* KeychainSwiftDistrib.swift in Sources */ = {isa = PBXBuildFile; fileRef = C725A4F31E3D4D7E0026A71D /* KeychainSwiftDistrib.swift */; };
		C725A4F91E3D4D7E0026A71D /* Costants.swift in Sources */ = {isa = PBXBuildFile; fileRef = C725A4F41E3D4D7E0026A71D /* Costants.swift */; };
		C725A4FA1E3D4D7E0026A71D /* Costants.swift in Sources */ = {isa = PBXBuildFile; fileRef = C725A4F41E3D4D7E0026A71D /* Costants.swift */; };
		C725A4FB1E3D4D7E0026A71D /* Network.swift in Sources */ = {isa = PBXBuildFile; fileRef = C725A4F51E3D4D7E0026A71D /* Network.swift */; };
		C725A4FC1E3D4D7E0026A71D /* Network.swift in Sources */ = {isa = PBXBuildFile; fileRef = C725A4F51E3D4D7E0026A71D /* Network.swift */; };
		C725A4FD1E3D4D7E0026A71D /* Tomatoes.swift in Sources */ = {isa = PBXBuildFile; fileRef = C725A4F61E3D4D7E0026A71D /* Tomatoes.swift */; };
		C725A4FE1E3D4D7E0026A71D /* Tomatoes.swift in Sources */ = {isa = PBXBuildFile; fileRef = C725A4F61E3D4D7E0026A71D /* Tomatoes.swift */; };
		C725A5061E3D59C20026A71D /* Session.swift in Sources */ = {isa = PBXBuildFile; fileRef = C725A5051E3D59C20026A71D /* Session.swift */; };
		C725A5071E3D59C20026A71D /* Session.swift in Sources */ = {isa = PBXBuildFile; fileRef = C725A5051E3D59C20026A71D /* Session.swift */; };
		C725A5091E3D59CC0026A71D /* User.swift in Sources */ = {isa = PBXBuildFile; fileRef = C725A5081E3D59CC0026A71D /* User.swift */; };
		C725A50A1E3D59CC0026A71D /* User.swift in Sources */ = {isa = PBXBuildFile; fileRef = C725A5081E3D59CC0026A71D /* User.swift */; };
		C725A50C1E3D59D80026A71D /* Tomato.swift in Sources */ = {isa = PBXBuildFile; fileRef = C725A50B1E3D59D80026A71D /* Tomato.swift */; };
		C725A50D1E3D59D80026A71D /* Tomato.swift in Sources */ = {isa = PBXBuildFile; fileRef = C725A50B1E3D59D80026A71D /* Tomato.swift */; };
		C725A50F1E3D59EA0026A71D /* Project.swift in Sources */ = {isa = PBXBuildFile; fileRef = C725A50E1E3D59EA0026A71D /* Project.swift */; };
		C725A5101E3D59EA0026A71D /* Project.swift in Sources */ = {isa = PBXBuildFile; fileRef = C725A50E1E3D59EA0026A71D /* Project.swift */; };
		C725A5121E3D5A230026A71D /* Score.swift in Sources */ = {isa = PBXBuildFile; fileRef = C725A5111E3D5A230026A71D /* Score.swift */; };
		C725A5131E3D5A230026A71D /* Score.swift in Sources */ = {isa = PBXBuildFile; fileRef = C725A5111E3D5A230026A71D /* Score.swift */; };
		C725A5151E3D5A440026A71D /* PaginatedList.swift in Sources */ = {isa = PBXBuildFile; fileRef = C725A5141E3D5A440026A71D /* PaginatedList.swift */; };
		C725A5161E3D5A440026A71D /* PaginatedList.swift in Sources */ = {isa = PBXBuildFile; fileRef = C725A5141E3D5A440026A71D /* PaginatedList.swift */; };
		C725A5181E3D5E580026A71D /* Counter.swift in Sources */ = {isa = PBXBuildFile; fileRef = C725A5171E3D5E580026A71D /* Counter.swift */; };
		C725A5191E3D5E580026A71D /* Counter.swift in Sources */ = {isa = PBXBuildFile; fileRef = C725A5171E3D5E580026A71D /* Counter.swift */; };
		C725A51B1E3D5E7C0026A71D /* Authorization.swift in Sources */ = {isa = PBXBuildFile; fileRef = C725A51A1E3D5E7C0026A71D /* Authorization.swift */; };
		C725A51C1E3D5E7C0026A71D /* Authorization.swift in Sources */ = {isa = PBXBuildFile; fileRef = C725A51A1E3D5E7C0026A71D /* Authorization.swift */; };
		C725A51E1E3D61140026A71D /* DateExtension.swift in Sources */ = {isa = PBXBuildFile; fileRef = C725A51D1E3D61140026A71D /* DateExtension.swift */; };
		C725A51F1E3D61140026A71D /* DateExtension.swift in Sources */ = {isa = PBXBuildFile; fileRef = C725A51D1E3D61140026A71D /* DateExtension.swift */; };
		C75333451E3E70FD00AF4DD2 /* Error.swift in Sources */ = {isa = PBXBuildFile; fileRef = C75333441E3E70FD00AF4DD2 /* Error.swift */; };
		C75333461E3E710100AF4DD2 /* Error.swift in Sources */ = {isa = PBXBuildFile; fileRef = C75333441E3E70FD00AF4DD2 /* Error.swift */; };
		C7775D1A1E3CFE6900B55CC2 /* Tomatoes.framework in Frameworks */ = {isa = PBXBuildFile; fileRef = C7775D111E3CFE6900B55CC2 /* Tomatoes.framework */; };
		C7775D211E3CFE6900B55CC2 /* TomatoesiOS.h in Headers */ = {isa = PBXBuildFile; fileRef = C7775D131E3CFE6900B55CC2 /* TomatoesiOS.h */; settings = {ATTRIBUTES = (Public, ); }; };
		C7775D371E3CFFF400B55CC2 /* Tomatoes.framework in Frameworks */ = {isa = PBXBuildFile; fileRef = C7775D2E1E3CFFF300B55CC2 /* Tomatoes.framework */; };
		C7775D3E1E3CFFF400B55CC2 /* TomatoesMacOS.h in Headers */ = {isa = PBXBuildFile; fileRef = C7775D301E3CFFF300B55CC2 /* TomatoesMacOS.h */; settings = {ATTRIBUTES = (Public, ); }; };
/* End PBXBuildFile section */

/* Begin PBXContainerItemProxy section */
		C7775D1B1E3CFE6900B55CC2 /* PBXContainerItemProxy */ = {
			isa = PBXContainerItemProxy;
			containerPortal = C7775C981E3CF98200B55CC2 /* Project object */;
			proxyType = 1;
			remoteGlobalIDString = C7775D101E3CFE6900B55CC2;
			remoteInfo = TomatoesiOS;
		};
		C7775D381E3CFFF400B55CC2 /* PBXContainerItemProxy */ = {
			isa = PBXContainerItemProxy;
			containerPortal = C7775C981E3CF98200B55CC2 /* Project object */;
			proxyType = 1;
			remoteGlobalIDString = C7775D2D1E3CFFF300B55CC2;
			remoteInfo = TomatoesMacOS;
		};
/* End PBXContainerItemProxy section */

/* Begin PBXFileReference section */
		C71D7F201E3E8B03002CB37B /* README.md */ = {isa = PBXFileReference; fileEncoding = 4; lastKnownFileType = net.daringfireball.markdown; path = README.md; sourceTree = SOURCE_ROOT; };
		C71D7F231E3E95D4002CB37B /* OHHTTPStubs.framework */ = {isa = PBXFileReference; lastKnownFileType = wrapper.framework; name = OHHTTPStubs.framework; path = Carthage/Build/iOS/OHHTTPStubs.framework; sourceTree = SOURCE_ROOT; };
		C71D7F251E3E95F1002CB37B /* OHHTTPStubs.framework */ = {isa = PBXFileReference; lastKnownFileType = wrapper.framework; name = OHHTTPStubs.framework; path = Carthage/Build/Mac/OHHTTPStubs.framework; sourceTree = SOURCE_ROOT; };
		C71D7F271E3E965A002CB37B /* UserTests.swift */ = {isa = PBXFileReference; fileEncoding = 4; lastKnownFileType = sourcecode.swift; name = UserTests.swift; path = Sources/UserTests.swift; sourceTree = SOURCE_ROOT; };
		C71D7F531E469A00002CB37B /* Protocols.swift */ = {isa = PBXFileReference; fileEncoding = 4; lastKnownFileType = sourcecode.swift; path = Protocols.swift; sourceTree = "<group>"; };
		C725A4F31E3D4D7E0026A71D /* KeychainSwiftDistrib.swift */ = {isa = PBXFileReference; fileEncoding = 4; lastKnownFileType = sourcecode.swift; path = KeychainSwiftDistrib.swift; sourceTree = "<group>"; };
		C725A4F41E3D4D7E0026A71D /* Costants.swift */ = {isa = PBXFileReference; fileEncoding = 4; lastKnownFileType = sourcecode.swift; path = Costants.swift; sourceTree = "<group>"; };
		C725A4F51E3D4D7E0026A71D /* Network.swift */ = {isa = PBXFileReference; fileEncoding = 4; lastKnownFileType = sourcecode.swift; path = Network.swift; sourceTree = "<group>"; };
		C725A4F61E3D4D7E0026A71D /* Tomatoes.swift */ = {isa = PBXFileReference; fileEncoding = 4; lastKnownFileType = sourcecode.swift; path = Tomatoes.swift; sourceTree = "<group>"; };
		C725A5051E3D59C20026A71D /* Session.swift */ = {isa = PBXFileReference; fileEncoding = 4; lastKnownFileType = sourcecode.swift; path = Session.swift; sourceTree = "<group>"; };
		C725A5081E3D59CC0026A71D /* User.swift */ = {isa = PBXFileReference; fileEncoding = 4; lastKnownFileType = sourcecode.swift; path = User.swift; sourceTree = "<group>"; };
		C725A50B1E3D59D80026A71D /* Tomato.swift */ = {isa = PBXFileReference; fileEncoding = 4; lastKnownFileType = sourcecode.swift; path = Tomato.swift; sourceTree = "<group>"; };
		C725A50E1E3D59EA0026A71D /* Project.swift */ = {isa = PBXFileReference; fileEncoding = 4; lastKnownFileType = sourcecode.swift; path = Project.swift; sourceTree = "<group>"; };
		C725A5111E3D5A230026A71D /* Score.swift */ = {isa = PBXFileReference; fileEncoding = 4; lastKnownFileType = sourcecode.swift; path = Score.swift; sourceTree = "<group>"; };
		C725A5141E3D5A440026A71D /* PaginatedList.swift */ = {isa = PBXFileReference; fileEncoding = 4; lastKnownFileType = sourcecode.swift; path = PaginatedList.swift; sourceTree = "<group>"; };
		C725A5171E3D5E580026A71D /* Counter.swift */ = {isa = PBXFileReference; fileEncoding = 4; lastKnownFileType = sourcecode.swift; path = Counter.swift; sourceTree = "<group>"; };
		C725A51A1E3D5E7C0026A71D /* Authorization.swift */ = {isa = PBXFileReference; fileEncoding = 4; lastKnownFileType = sourcecode.swift; path = Authorization.swift; sourceTree = "<group>"; };
		C725A51D1E3D61140026A71D /* DateExtension.swift */ = {isa = PBXFileReference; fileEncoding = 4; lastKnownFileType = sourcecode.swift; path = DateExtension.swift; sourceTree = "<group>"; };
		C75333441E3E70FD00AF4DD2 /* Error.swift */ = {isa = PBXFileReference; fileEncoding = 4; lastKnownFileType = sourcecode.swift; path = Error.swift; sourceTree = "<group>"; };
		C7775D111E3CFE6900B55CC2 /* Tomatoes.framework */ = {isa = PBXFileReference; explicitFileType = wrapper.framework; includeInIndex = 0; path = Tomatoes.framework; sourceTree = BUILT_PRODUCTS_DIR; };
		C7775D131E3CFE6900B55CC2 /* TomatoesiOS.h */ = {isa = PBXFileReference; lastKnownFileType = sourcecode.c.h; path = TomatoesiOS.h; sourceTree = "<group>"; };
		C7775D141E3CFE6900B55CC2 /* Info.plist */ = {isa = PBXFileReference; lastKnownFileType = text.plist.xml; path = Info.plist; sourceTree = "<group>"; };
		C7775D191E3CFE6900B55CC2 /* TomatoesiOSTests.xctest */ = {isa = PBXFileReference; explicitFileType = wrapper.cfbundle; includeInIndex = 0; path = TomatoesiOSTests.xctest; sourceTree = BUILT_PRODUCTS_DIR; };
		C7775D201E3CFE6900B55CC2 /* Info.plist */ = {isa = PBXFileReference; lastKnownFileType = text.plist.xml; path = Info.plist; sourceTree = "<group>"; };
		C7775D2E1E3CFFF300B55CC2 /* Tomatoes.framework */ = {isa = PBXFileReference; explicitFileType = wrapper.framework; includeInIndex = 0; path = Tomatoes.framework; sourceTree = BUILT_PRODUCTS_DIR; };
		C7775D301E3CFFF300B55CC2 /* TomatoesMacOS.h */ = {isa = PBXFileReference; lastKnownFileType = sourcecode.c.h; path = TomatoesMacOS.h; sourceTree = "<group>"; };
		C7775D311E3CFFF300B55CC2 /* Info.plist */ = {isa = PBXFileReference; lastKnownFileType = text.plist.xml; path = Info.plist; sourceTree = "<group>"; };
		C7775D361E3CFFF300B55CC2 /* TomatoesMacOSTests.xctest */ = {isa = PBXFileReference; explicitFileType = wrapper.cfbundle; includeInIndex = 0; path = TomatoesMacOSTests.xctest; sourceTree = BUILT_PRODUCTS_DIR; };
		C7775D3D1E3CFFF400B55CC2 /* Info.plist */ = {isa = PBXFileReference; lastKnownFileType = text.plist.xml; path = Info.plist; sourceTree = "<group>"; };
/* End PBXFileReference section */

/* Begin PBXFrameworksBuildPhase section */
		C7775D0D1E3CFE6900B55CC2 /* Frameworks */ = {
			isa = PBXFrameworksBuildPhase;
			buildActionMask = 2147483647;
			files = (
			);
			runOnlyForDeploymentPostprocessing = 0;
		};
		C7775D161E3CFE6900B55CC2 /* Frameworks */ = {
			isa = PBXFrameworksBuildPhase;
			buildActionMask = 2147483647;
			files = (
				C7775D1A1E3CFE6900B55CC2 /* Tomatoes.framework in Frameworks */,
				C71D7F241E3E95D4002CB37B /* OHHTTPStubs.framework in Frameworks */,
			);
			runOnlyForDeploymentPostprocessing = 0;
		};
		C7775D2A1E3CFFF300B55CC2 /* Frameworks */ = {
			isa = PBXFrameworksBuildPhase;
			buildActionMask = 2147483647;
			files = (
			);
			runOnlyForDeploymentPostprocessing = 0;
		};
		C7775D331E3CFFF300B55CC2 /* Frameworks */ = {
			isa = PBXFrameworksBuildPhase;
			buildActionMask = 2147483647;
			files = (
				C7775D371E3CFFF400B55CC2 /* Tomatoes.framework in Frameworks */,
				C71D7F261E3E95F1002CB37B /* OHHTTPStubs.framework in Frameworks */,
			);
			runOnlyForDeploymentPostprocessing = 0;
		};
/* End PBXFrameworksBuildPhase section */

/* Begin PBXGroup section */
		C725A4F21E3D4D7E0026A71D /* Sources */ = {
			isa = PBXGroup;
			children = (
				C725A5041E3D55A50026A71D /* Model */,
				C725A4F31E3D4D7E0026A71D /* KeychainSwiftDistrib.swift */,
				C725A4F51E3D4D7E0026A71D /* Network.swift */,
				C725A4F61E3D4D7E0026A71D /* Tomatoes.swift */,
				C725A51D1E3D61140026A71D /* DateExtension.swift */,
				C71D7F201E3E8B03002CB37B /* README.md */,
			);
			path = Sources;
			sourceTree = "<group>";
		};
		C725A5041E3D55A50026A71D /* Model */ = {
			isa = PBXGroup;
			children = (
				C725A4F41E3D4D7E0026A71D /* Costants.swift */,
				C725A5141E3D5A440026A71D /* PaginatedList.swift */,
				C725A5051E3D59C20026A71D /* Session.swift */,
				C725A5081E3D59CC0026A71D /* User.swift */,
				C725A50B1E3D59D80026A71D /* Tomato.swift */,
				C725A50E1E3D59EA0026A71D /* Project.swift */,
				C725A5111E3D5A230026A71D /* Score.swift */,
				C725A5171E3D5E580026A71D /* Counter.swift */,
				C725A51A1E3D5E7C0026A71D /* Authorization.swift */,
				C75333441E3E70FD00AF4DD2 /* Error.swift */,
				C71D7F531E469A00002CB37B /* Protocols.swift */,
			);
			name = Model;
			sourceTree = "<group>";
		};
		C7775C971E3CF98200B55CC2 = {
			isa = PBXGroup;
			children = (
				C725A4F21E3D4D7E0026A71D /* Sources */,
				C7775D461E3D006900B55CC2 /* Tests */,
				C7775D121E3CFE6900B55CC2 /* TomatoesiOS */,
				C7775D1D1E3CFE6900B55CC2 /* TomatoesiOSTests */,
				C7775D2F1E3CFFF300B55CC2 /* TomatoesMacOS */,
				C7775D3A1E3CFFF400B55CC2 /* TomatoesMacOSTests */,
				C7775CA51E3CF9AC00B55CC2 /* Products */,
			);
			sourceTree = "<group>";
		};
		C7775CA51E3CF9AC00B55CC2 /* Products */ = {
			isa = PBXGroup;
			children = (
				C7775D111E3CFE6900B55CC2 /* Tomatoes.framework */,
				C7775D191E3CFE6900B55CC2 /* TomatoesiOSTests.xctest */,
				C7775D2E1E3CFFF300B55CC2 /* Tomatoes.framework */,
				C7775D361E3CFFF300B55CC2 /* TomatoesMacOSTests.xctest */,
			);
			name = Products;
			sourceTree = "<group>";
		};
		C7775D121E3CFE6900B55CC2 /* TomatoesiOS */ = {
			isa = PBXGroup;
			children = (
				C7775D131E3CFE6900B55CC2 /* TomatoesiOS.h */,
				C7775D141E3CFE6900B55CC2 /* Info.plist */,
			);
			path = TomatoesiOS;
			sourceTree = "<group>";
		};
		C7775D1D1E3CFE6900B55CC2 /* TomatoesiOSTests */ = {
			isa = PBXGroup;
			children = (
				C71D7F231E3E95D4002CB37B /* OHHTTPStubs.framework */,
				C7775D201E3CFE6900B55CC2 /* Info.plist */,
			);
			path = TomatoesiOSTests;
			sourceTree = "<group>";
		};
		C7775D2F1E3CFFF300B55CC2 /* TomatoesMacOS */ = {
			isa = PBXGroup;
			children = (
				C7775D301E3CFFF300B55CC2 /* TomatoesMacOS.h */,
				C7775D311E3CFFF300B55CC2 /* Info.plist */,
			);
			path = TomatoesMacOS;
			sourceTree = "<group>";
		};
		C7775D3A1E3CFFF400B55CC2 /* TomatoesMacOSTests */ = {
			isa = PBXGroup;
			children = (
				C71D7F251E3E95F1002CB37B /* OHHTTPStubs.framework */,
				C7775D3D1E3CFFF400B55CC2 /* Info.plist */,
			);
			path = TomatoesMacOSTests;
			sourceTree = "<group>";
		};
		C7775D461E3D006900B55CC2 /* Tests */ = {
			isa = PBXGroup;
			children = (
				C71D7F271E3E965A002CB37B /* UserTests.swift */,
			);
			name = Tests;
			path = ../Tests;
			sourceTree = "<group>";
		};
/* End PBXGroup section */

/* Begin PBXHeadersBuildPhase section */
		C7775D0E1E3CFE6900B55CC2 /* Headers */ = {
			isa = PBXHeadersBuildPhase;
			buildActionMask = 2147483647;
			files = (
				C7775D211E3CFE6900B55CC2 /* TomatoesiOS.h in Headers */,
			);
			runOnlyForDeploymentPostprocessing = 0;
		};
		C7775D2B1E3CFFF300B55CC2 /* Headers */ = {
			isa = PBXHeadersBuildPhase;
			buildActionMask = 2147483647;
			files = (
				C7775D3E1E3CFFF400B55CC2 /* TomatoesMacOS.h in Headers */,
			);
			runOnlyForDeploymentPostprocessing = 0;
		};
/* End PBXHeadersBuildPhase section */

/* Begin PBXNativeTarget section */
		C7775D101E3CFE6900B55CC2 /* TomatoesiOS */ = {
			isa = PBXNativeTarget;
			buildConfigurationList = C7775D221E3CFE6900B55CC2 /* Build configuration list for PBXNativeTarget "TomatoesiOS" */;
			buildPhases = (
				C7775D0C1E3CFE6900B55CC2 /* Sources */,
				C7775D0D1E3CFE6900B55CC2 /* Frameworks */,
				C7775D0E1E3CFE6900B55CC2 /* Headers */,
				C7775D0F1E3CFE6900B55CC2 /* Resources */,
			);
			buildRules = (
			);
			dependencies = (
			);
			name = TomatoesiOS;
			productName = TomatoesiOS;
			productReference = C7775D111E3CFE6900B55CC2 /* Tomatoes.framework */;
			productType = "com.apple.product-type.framework";
		};
		C7775D181E3CFE6900B55CC2 /* TomatoesiOSTests */ = {
			isa = PBXNativeTarget;
			buildConfigurationList = C7775D251E3CFE6900B55CC2 /* Build configuration list for PBXNativeTarget "TomatoesiOSTests" */;
			buildPhases = (
				C7775D151E3CFE6900B55CC2 /* Sources */,
				C7775D161E3CFE6900B55CC2 /* Frameworks */,
				C7775D171E3CFE6900B55CC2 /* Resources */,
			);
			buildRules = (
			);
			dependencies = (
				C7775D1C1E3CFE6900B55CC2 /* PBXTargetDependency */,
			);
			name = TomatoesiOSTests;
			productName = TomatoesiOSTests;
			productReference = C7775D191E3CFE6900B55CC2 /* TomatoesiOSTests.xctest */;
			productType = "com.apple.product-type.bundle.unit-test";
		};
		C7775D2D1E3CFFF300B55CC2 /* TomatoesMacOS */ = {
			isa = PBXNativeTarget;
			buildConfigurationList = C7775D3F1E3CFFF400B55CC2 /* Build configuration list for PBXNativeTarget "TomatoesMacOS" */;
			buildPhases = (
				C7775D291E3CFFF300B55CC2 /* Sources */,
				C7775D2A1E3CFFF300B55CC2 /* Frameworks */,
				C7775D2B1E3CFFF300B55CC2 /* Headers */,
				C7775D2C1E3CFFF300B55CC2 /* Resources */,
			);
			buildRules = (
			);
			dependencies = (
			);
			name = TomatoesMacOS;
			productName = TomatoesMacOS;
			productReference = C7775D2E1E3CFFF300B55CC2 /* Tomatoes.framework */;
			productType = "com.apple.product-type.framework";
		};
		C7775D351E3CFFF300B55CC2 /* TomatoesMacOSTests */ = {
			isa = PBXNativeTarget;
			buildConfigurationList = C7775D421E3CFFF400B55CC2 /* Build configuration list for PBXNativeTarget "TomatoesMacOSTests" */;
			buildPhases = (
				C7775D321E3CFFF300B55CC2 /* Sources */,
				C7775D331E3CFFF300B55CC2 /* Frameworks */,
				C7775D341E3CFFF300B55CC2 /* Resources */,
			);
			buildRules = (
			);
			dependencies = (
				C7775D391E3CFFF400B55CC2 /* PBXTargetDependency */,
			);
			name = TomatoesMacOSTests;
			productName = TomatoesMacOSTests;
			productReference = C7775D361E3CFFF300B55CC2 /* TomatoesMacOSTests.xctest */;
			productType = "com.apple.product-type.bundle.unit-test";
		};
/* End PBXNativeTarget section */

/* Begin PBXProject section */
		C7775C981E3CF98200B55CC2 /* Project object */ = {
			isa = PBXProject;
			attributes = {
				LastSwiftUpdateCheck = 0820;
				LastUpgradeCheck = 0820;
				TargetAttributes = {
					C7775D101E3CFE6900B55CC2 = {
						CreatedOnToolsVersion = 8.2.1;
						ProvisioningStyle = Manual;
					};
					C7775D181E3CFE6900B55CC2 = {
						CreatedOnToolsVersion = 8.2.1;
						DevelopmentTeam = WN6G7U99K4;
						ProvisioningStyle = Automatic;
					};
					C7775D2D1E3CFFF300B55CC2 = {
						CreatedOnToolsVersion = 8.2.1;
						DevelopmentTeam = WN6G7U99K4;
						ProvisioningStyle = Automatic;
					};
					C7775D351E3CFFF300B55CC2 = {
						CreatedOnToolsVersion = 8.2.1;
						DevelopmentTeam = WN6G7U99K4;
						ProvisioningStyle = Automatic;
					};
				};
			};
			buildConfigurationList = C7775C9B1E3CF98200B55CC2 /* Build configuration list for PBXProject "tomatoes-swift-sdk" */;
			compatibilityVersion = "Xcode 3.2";
			developmentRegion = English;
			hasScannedForEncodings = 0;
			knownRegions = (
				en,
			);
			mainGroup = C7775C971E3CF98200B55CC2;
			productRefGroup = C7775CA51E3CF9AC00B55CC2 /* Products */;
			projectDirPath = "";
			projectRoot = "";
			targets = (
				C7775D101E3CFE6900B55CC2 /* TomatoesiOS */,
				C7775D181E3CFE6900B55CC2 /* TomatoesiOSTests */,
				C7775D2D1E3CFFF300B55CC2 /* TomatoesMacOS */,
				C7775D351E3CFFF300B55CC2 /* TomatoesMacOSTests */,
			);
		};
/* End PBXProject section */

/* Begin PBXResourcesBuildPhase section */
		C7775D0F1E3CFE6900B55CC2 /* Resources */ = {
			isa = PBXResourcesBuildPhase;
			buildActionMask = 2147483647;
			files = (
			);
			runOnlyForDeploymentPostprocessing = 0;
		};
		C7775D171E3CFE6900B55CC2 /* Resources */ = {
			isa = PBXResourcesBuildPhase;
			buildActionMask = 2147483647;
			files = (
			);
			runOnlyForDeploymentPostprocessing = 0;
		};
		C7775D2C1E3CFFF300B55CC2 /* Resources */ = {
			isa = PBXResourcesBuildPhase;
			buildActionMask = 2147483647;
			files = (
			);
			runOnlyForDeploymentPostprocessing = 0;
		};
		C7775D341E3CFFF300B55CC2 /* Resources */ = {
			isa = PBXResourcesBuildPhase;
			buildActionMask = 2147483647;
			files = (
			);
			runOnlyForDeploymentPostprocessing = 0;
		};
/* End PBXResourcesBuildPhase section */

/* Begin PBXSourcesBuildPhase section */
		C7775D0C1E3CFE6900B55CC2 /* Sources */ = {
			isa = PBXSourcesBuildPhase;
			buildActionMask = 2147483647;
			files = (
				C71D7F541E469A00002CB37B /* Protocols.swift in Sources */,
				C725A5061E3D59C20026A71D /* Session.swift in Sources */,
				C725A5151E3D5A440026A71D /* PaginatedList.swift in Sources */,
				C725A5181E3D5E580026A71D /* Counter.swift in Sources */,
				C725A51B1E3D5E7C0026A71D /* Authorization.swift in Sources */,
				C725A4F71E3D4D7E0026A71D /* KeychainSwiftDistrib.swift in Sources */,
				C725A51E1E3D61140026A71D /* DateExtension.swift in Sources */,
				C725A5091E3D59CC0026A71D /* User.swift in Sources */,
				C725A4FD1E3D4D7E0026A71D /* Tomatoes.swift in Sources */,
				C725A50C1E3D59D80026A71D /* Tomato.swift in Sources */,
				C725A4F91E3D4D7E0026A71D /* Costants.swift in Sources */,
				C725A4FB1E3D4D7E0026A71D /* Network.swift in Sources */,
				C725A5121E3D5A230026A71D /* Score.swift in Sources */,
				C75333451E3E70FD00AF4DD2 /* Error.swift in Sources */,
				C725A50F1E3D59EA0026A71D /* Project.swift in Sources */,
			);
			runOnlyForDeploymentPostprocessing = 0;
		};
		C7775D151E3CFE6900B55CC2 /* Sources */ = {
			isa = PBXSourcesBuildPhase;
			buildActionMask = 2147483647;
			files = (
				C71D7F281E3E965A002CB37B /* UserTests.swift in Sources */,
			);
			runOnlyForDeploymentPostprocessing = 0;
		};
		C7775D291E3CFFF300B55CC2 /* Sources */ = {
			isa = PBXSourcesBuildPhase;
			buildActionMask = 2147483647;
			files = (
				C71D7F551E469A00002CB37B /* Protocols.swift in Sources */,
				C725A5071E3D59C20026A71D /* Session.swift in Sources */,
				C725A5161E3D5A440026A71D /* PaginatedList.swift in Sources */,
				C725A5191E3D5E580026A71D /* Counter.swift in Sources */,
				C725A51C1E3D5E7C0026A71D /* Authorization.swift in Sources */,
				C725A4F81E3D4D7E0026A71D /* KeychainSwiftDistrib.swift in Sources */,
				C725A51F1E3D61140026A71D /* DateExtension.swift in Sources */,
				C725A50A1E3D59CC0026A71D /* User.swift in Sources */,
				C725A4FE1E3D4D7E0026A71D /* Tomatoes.swift in Sources */,
				C725A50D1E3D59D80026A71D /* Tomato.swift in Sources */,
				C725A4FA1E3D4D7E0026A71D /* Costants.swift in Sources */,
				C725A4FC1E3D4D7E0026A71D /* Network.swift in Sources */,
				C725A5131E3D5A230026A71D /* Score.swift in Sources */,
				C75333461E3E710100AF4DD2 /* Error.swift in Sources */,
				C725A5101E3D59EA0026A71D /* Project.swift in Sources */,
			);
			runOnlyForDeploymentPostprocessing = 0;
		};
		C7775D321E3CFFF300B55CC2 /* Sources */ = {
			isa = PBXSourcesBuildPhase;
			buildActionMask = 2147483647;
			files = (
				C71D7F291E3E965A002CB37B /* UserTests.swift in Sources */,
			);
			runOnlyForDeploymentPostprocessing = 0;
		};
/* End PBXSourcesBuildPhase section */

/* Begin PBXTargetDependency section */
		C7775D1C1E3CFE6900B55CC2 /* PBXTargetDependency */ = {
			isa = PBXTargetDependency;
			target = C7775D101E3CFE6900B55CC2 /* TomatoesiOS */;
			targetProxy = C7775D1B1E3CFE6900B55CC2 /* PBXContainerItemProxy */;
		};
		C7775D391E3CFFF400B55CC2 /* PBXTargetDependency */ = {
			isa = PBXTargetDependency;
			target = C7775D2D1E3CFFF300B55CC2 /* TomatoesMacOS */;
			targetProxy = C7775D381E3CFFF400B55CC2 /* PBXContainerItemProxy */;
		};
/* End PBXTargetDependency section */

/* Begin XCBuildConfiguration section */
		C7775C9C1E3CF98200B55CC2 /* Debug */ = {
			isa = XCBuildConfiguration;
			buildSettings = {
			};
			name = Debug;
		};
		C7775C9D1E3CF98200B55CC2 /* Release */ = {
			isa = XCBuildConfiguration;
			buildSettings = {
			};
			name = Release;
		};
		C7775D231E3CFE6900B55CC2 /* Debug */ = {
			isa = XCBuildConfiguration;
			buildSettings = {
				ALWAYS_SEARCH_USER_PATHS = NO;
				CLANG_ANALYZER_NONNULL = YES;
				CLANG_CXX_LANGUAGE_STANDARD = "gnu++0x";
				CLANG_CXX_LIBRARY = "libc++";
				CLANG_ENABLE_MODULES = YES;
				CLANG_ENABLE_OBJC_ARC = YES;
				CLANG_WARN_BOOL_CONVERSION = YES;
				CLANG_WARN_CONSTANT_CONVERSION = YES;
				CLANG_WARN_DIRECT_OBJC_ISA_USAGE = YES_ERROR;
				CLANG_WARN_DOCUMENTATION_COMMENTS = YES;
				CLANG_WARN_EMPTY_BODY = YES;
				CLANG_WARN_ENUM_CONVERSION = YES;
				CLANG_WARN_INFINITE_RECURSION = YES;
				CLANG_WARN_INT_CONVERSION = YES;
				CLANG_WARN_OBJC_ROOT_CLASS = YES_ERROR;
				CLANG_WARN_SUSPICIOUS_MOVE = YES;
				CLANG_WARN_UNREACHABLE_CODE = YES;
				CLANG_WARN__DUPLICATE_METHOD_MATCH = YES;
				CODE_SIGN_IDENTITY = "";
				"CODE_SIGN_IDENTITY[sdk=iphoneos*]" = "iPhone Developer";
				COPY_PHASE_STRIP = NO;
				CURRENT_PROJECT_VERSION = 1;
				DEBUG_INFORMATION_FORMAT = dwarf;
				DEFINES_MODULE = YES;
				DEVELOPMENT_TEAM = "";
				DYLIB_COMPATIBILITY_VERSION = 1;
				DYLIB_CURRENT_VERSION = 1;
				DYLIB_INSTALL_NAME_BASE = "@rpath";
				ENABLE_STRICT_OBJC_MSGSEND = YES;
				ENABLE_TESTABILITY = YES;
				GCC_C_LANGUAGE_STANDARD = gnu99;
				GCC_DYNAMIC_NO_PIC = NO;
				GCC_NO_COMMON_BLOCKS = YES;
				GCC_OPTIMIZATION_LEVEL = 0;
				GCC_PREPROCESSOR_DEFINITIONS = (
					"DEBUG=1",
					"$(inherited)",
				);
				GCC_WARN_64_TO_32_BIT_CONVERSION = YES;
				GCC_WARN_ABOUT_RETURN_TYPE = YES_ERROR;
				GCC_WARN_UNDECLARED_SELECTOR = YES;
				GCC_WARN_UNINITIALIZED_AUTOS = YES_AGGRESSIVE;
				GCC_WARN_UNUSED_FUNCTION = YES;
				GCC_WARN_UNUSED_VARIABLE = YES;
				INFOPLIST_FILE = TomatoesiOS/Info.plist;
				INSTALL_PATH = "$(LOCAL_LIBRARY_DIR)/Frameworks";
				IPHONEOS_DEPLOYMENT_TARGET = 10.2;
				LD_RUNPATH_SEARCH_PATHS = "$(inherited) @executable_path/Frameworks @loader_path/Frameworks";
				MTL_ENABLE_DEBUG_INFO = YES;
				ONLY_ACTIVE_ARCH = YES;
				PRODUCT_BUNDLE_IDENTIFIER = com.gii.tomatoes;
				PRODUCT_NAME = Tomatoes;
				SDKROOT = iphoneos;
				SKIP_INSTALL = YES;
				SWIFT_ACTIVE_COMPILATION_CONDITIONS = DEBUG;
				SWIFT_OPTIMIZATION_LEVEL = "-Onone";
				SWIFT_VERSION = 3.0;
				TARGETED_DEVICE_FAMILY = "1,2";
				VERSIONING_SYSTEM = "apple-generic";
				VERSION_INFO_PREFIX = "";
			};
			name = Debug;
		};
		C7775D241E3CFE6900B55CC2 /* Release */ = {
			isa = XCBuildConfiguration;
			buildSettings = {
				ALWAYS_SEARCH_USER_PATHS = NO;
				CLANG_ANALYZER_NONNULL = YES;
				CLANG_CXX_LANGUAGE_STANDARD = "gnu++0x";
				CLANG_CXX_LIBRARY = "libc++";
				CLANG_ENABLE_MODULES = YES;
				CLANG_ENABLE_OBJC_ARC = YES;
				CLANG_WARN_BOOL_CONVERSION = YES;
				CLANG_WARN_CONSTANT_CONVERSION = YES;
				CLANG_WARN_DIRECT_OBJC_ISA_USAGE = YES_ERROR;
				CLANG_WARN_DOCUMENTATION_COMMENTS = YES;
				CLANG_WARN_EMPTY_BODY = YES;
				CLANG_WARN_ENUM_CONVERSION = YES;
				CLANG_WARN_INFINITE_RECURSION = YES;
				CLANG_WARN_INT_CONVERSION = YES;
				CLANG_WARN_OBJC_ROOT_CLASS = YES_ERROR;
				CLANG_WARN_SUSPICIOUS_MOVE = YES;
				CLANG_WARN_UNREACHABLE_CODE = YES;
				CLANG_WARN__DUPLICATE_METHOD_MATCH = YES;
				CODE_SIGN_IDENTITY = "";
				"CODE_SIGN_IDENTITY[sdk=iphoneos*]" = "iPhone Developer";
				COPY_PHASE_STRIP = NO;
				CURRENT_PROJECT_VERSION = 1;
				DEBUG_INFORMATION_FORMAT = "dwarf-with-dsym";
				DEFINES_MODULE = YES;
				DEVELOPMENT_TEAM = "";
				DYLIB_COMPATIBILITY_VERSION = 1;
				DYLIB_CURRENT_VERSION = 1;
				DYLIB_INSTALL_NAME_BASE = "@rpath";
				ENABLE_NS_ASSERTIONS = NO;
				ENABLE_STRICT_OBJC_MSGSEND = YES;
				GCC_C_LANGUAGE_STANDARD = gnu99;
				GCC_NO_COMMON_BLOCKS = YES;
				GCC_WARN_64_TO_32_BIT_CONVERSION = YES;
				GCC_WARN_ABOUT_RETURN_TYPE = YES_ERROR;
				GCC_WARN_UNDECLARED_SELECTOR = YES;
				GCC_WARN_UNINITIALIZED_AUTOS = YES_AGGRESSIVE;
				GCC_WARN_UNUSED_FUNCTION = YES;
				GCC_WARN_UNUSED_VARIABLE = YES;
				INFOPLIST_FILE = TomatoesiOS/Info.plist;
				INSTALL_PATH = "$(LOCAL_LIBRARY_DIR)/Frameworks";
				IPHONEOS_DEPLOYMENT_TARGET = 10.2;
				LD_RUNPATH_SEARCH_PATHS = "$(inherited) @executable_path/Frameworks @loader_path/Frameworks";
				MTL_ENABLE_DEBUG_INFO = NO;
				PRODUCT_BUNDLE_IDENTIFIER = com.gii.tomatoes;
				PRODUCT_NAME = Tomatoes;
				SDKROOT = iphoneos;
				SKIP_INSTALL = YES;
				SWIFT_OPTIMIZATION_LEVEL = "-Owholemodule";
				SWIFT_VERSION = 3.0;
				TARGETED_DEVICE_FAMILY = "1,2";
				VALIDATE_PRODUCT = YES;
				VERSIONING_SYSTEM = "apple-generic";
				VERSION_INFO_PREFIX = "";
			};
			name = Release;
		};
		C7775D261E3CFE6900B55CC2 /* Debug */ = {
			isa = XCBuildConfiguration;
			buildSettings = {
				ALWAYS_EMBED_SWIFT_STANDARD_LIBRARIES = YES;
				ALWAYS_SEARCH_USER_PATHS = NO;
				CLANG_ANALYZER_NONNULL = YES;
				CLANG_CXX_LANGUAGE_STANDARD = "gnu++0x";
				CLANG_CXX_LIBRARY = "libc++";
				CLANG_ENABLE_MODULES = YES;
				CLANG_ENABLE_OBJC_ARC = YES;
				CLANG_WARN_BOOL_CONVERSION = YES;
				CLANG_WARN_CONSTANT_CONVERSION = YES;
				CLANG_WARN_DIRECT_OBJC_ISA_USAGE = YES_ERROR;
				CLANG_WARN_DOCUMENTATION_COMMENTS = YES;
				CLANG_WARN_EMPTY_BODY = YES;
				CLANG_WARN_ENUM_CONVERSION = YES;
				CLANG_WARN_INFINITE_RECURSION = YES;
				CLANG_WARN_INT_CONVERSION = YES;
				CLANG_WARN_OBJC_ROOT_CLASS = YES_ERROR;
				CLANG_WARN_SUSPICIOUS_MOVE = YES;
				CLANG_WARN_UNREACHABLE_CODE = YES;
				CLANG_WARN__DUPLICATE_METHOD_MATCH = YES;
				"CODE_SIGN_IDENTITY[sdk=iphoneos*]" = "iPhone Developer";
				COPY_PHASE_STRIP = NO;
				DEBUG_INFORMATION_FORMAT = dwarf;
				DEVELOPMENT_TEAM = WN6G7U99K4;
				ENABLE_STRICT_OBJC_MSGSEND = YES;
				ENABLE_TESTABILITY = YES;
				FRAMEWORK_SEARCH_PATHS = (
					"$(inherited)",
					"$(PROJECT_DIR)/Carthage/Build/iOS",
				);
				GCC_C_LANGUAGE_STANDARD = gnu99;
				GCC_DYNAMIC_NO_PIC = NO;
				GCC_NO_COMMON_BLOCKS = YES;
				GCC_OPTIMIZATION_LEVEL = 0;
				GCC_PREPROCESSOR_DEFINITIONS = (
					"DEBUG=1",
					"$(inherited)",
				);
				GCC_WARN_64_TO_32_BIT_CONVERSION = YES;
				GCC_WARN_ABOUT_RETURN_TYPE = YES_ERROR;
				GCC_WARN_UNDECLARED_SELECTOR = YES;
				GCC_WARN_UNINITIALIZED_AUTOS = YES_AGGRESSIVE;
				GCC_WARN_UNUSED_FUNCTION = YES;
				GCC_WARN_UNUSED_VARIABLE = YES;
				INFOPLIST_FILE = TomatoesiOSTests/Info.plist;
				IPHONEOS_DEPLOYMENT_TARGET = 10.2;
				LD_RUNPATH_SEARCH_PATHS = "$(inherited) @executable_path/Frameworks @loader_path/Frameworks";
				MTL_ENABLE_DEBUG_INFO = YES;
				ONLY_ACTIVE_ARCH = YES;
				PRODUCT_BUNDLE_IDENTIFIER = com.gii.TomatoesiOSTests;
				PRODUCT_NAME = "$(TARGET_NAME)";
				SDKROOT = iphoneos;
				SWIFT_ACTIVE_COMPILATION_CONDITIONS = DEBUG;
				SWIFT_OPTIMIZATION_LEVEL = "-Onone";
				SWIFT_VERSION = 3.0;
			};
			name = Debug;
		};
		C7775D271E3CFE6900B55CC2 /* Release */ = {
			isa = XCBuildConfiguration;
			buildSettings = {
				ALWAYS_EMBED_SWIFT_STANDARD_LIBRARIES = YES;
				ALWAYS_SEARCH_USER_PATHS = NO;
				CLANG_ANALYZER_NONNULL = YES;
				CLANG_CXX_LANGUAGE_STANDARD = "gnu++0x";
				CLANG_CXX_LIBRARY = "libc++";
				CLANG_ENABLE_MODULES = YES;
				CLANG_ENABLE_OBJC_ARC = YES;
				CLANG_WARN_BOOL_CONVERSION = YES;
				CLANG_WARN_CONSTANT_CONVERSION = YES;
				CLANG_WARN_DIRECT_OBJC_ISA_USAGE = YES_ERROR;
				CLANG_WARN_DOCUMENTATION_COMMENTS = YES;
				CLANG_WARN_EMPTY_BODY = YES;
				CLANG_WARN_ENUM_CONVERSION = YES;
				CLANG_WARN_INFINITE_RECURSION = YES;
				CLANG_WARN_INT_CONVERSION = YES;
				CLANG_WARN_OBJC_ROOT_CLASS = YES_ERROR;
				CLANG_WARN_SUSPICIOUS_MOVE = YES;
				CLANG_WARN_UNREACHABLE_CODE = YES;
				CLANG_WARN__DUPLICATE_METHOD_MATCH = YES;
				"CODE_SIGN_IDENTITY[sdk=iphoneos*]" = "iPhone Developer";
				COPY_PHASE_STRIP = NO;
				DEBUG_INFORMATION_FORMAT = "dwarf-with-dsym";
				DEVELOPMENT_TEAM = WN6G7U99K4;
				ENABLE_NS_ASSERTIONS = NO;
				ENABLE_STRICT_OBJC_MSGSEND = YES;
				FRAMEWORK_SEARCH_PATHS = (
					"$(inherited)",
					"$(PROJECT_DIR)/Carthage/Build/iOS",
				);
				GCC_C_LANGUAGE_STANDARD = gnu99;
				GCC_NO_COMMON_BLOCKS = YES;
				GCC_WARN_64_TO_32_BIT_CONVERSION = YES;
				GCC_WARN_ABOUT_RETURN_TYPE = YES_ERROR;
				GCC_WARN_UNDECLARED_SELECTOR = YES;
				GCC_WARN_UNINITIALIZED_AUTOS = YES_AGGRESSIVE;
				GCC_WARN_UNUSED_FUNCTION = YES;
				GCC_WARN_UNUSED_VARIABLE = YES;
				INFOPLIST_FILE = TomatoesiOSTests/Info.plist;
				IPHONEOS_DEPLOYMENT_TARGET = 10.2;
				LD_RUNPATH_SEARCH_PATHS = "$(inherited) @executable_path/Frameworks @loader_path/Frameworks";
				MTL_ENABLE_DEBUG_INFO = NO;
				PRODUCT_BUNDLE_IDENTIFIER = com.gii.TomatoesiOSTests;
				PRODUCT_NAME = "$(TARGET_NAME)";
				SDKROOT = iphoneos;
				SWIFT_OPTIMIZATION_LEVEL = "-Owholemodule";
				SWIFT_VERSION = 3.0;
				VALIDATE_PRODUCT = YES;
			};
			name = Release;
		};
		C7775D401E3CFFF400B55CC2 /* Debug */ = {
			isa = XCBuildConfiguration;
			buildSettings = {
				ALWAYS_SEARCH_USER_PATHS = NO;
				CLANG_ANALYZER_NONNULL = YES;
				CLANG_CXX_LANGUAGE_STANDARD = "gnu++0x";
				CLANG_CXX_LIBRARY = "libc++";
				CLANG_ENABLE_MODULES = YES;
				CLANG_ENABLE_OBJC_ARC = YES;
				CLANG_WARN_BOOL_CONVERSION = YES;
				CLANG_WARN_CONSTANT_CONVERSION = YES;
				CLANG_WARN_DIRECT_OBJC_ISA_USAGE = YES_ERROR;
				CLANG_WARN_DOCUMENTATION_COMMENTS = YES;
				CLANG_WARN_EMPTY_BODY = YES;
				CLANG_WARN_ENUM_CONVERSION = YES;
				CLANG_WARN_INFINITE_RECURSION = YES;
				CLANG_WARN_INT_CONVERSION = YES;
				CLANG_WARN_OBJC_ROOT_CLASS = YES_ERROR;
				CLANG_WARN_SUSPICIOUS_MOVE = YES;
				CLANG_WARN_UNREACHABLE_CODE = YES;
				CLANG_WARN__DUPLICATE_METHOD_MATCH = YES;
				CODE_SIGN_IDENTITY = "-";
				COMBINE_HIDPI_IMAGES = YES;
				COPY_PHASE_STRIP = NO;
				CURRENT_PROJECT_VERSION = 1;
				DEBUG_INFORMATION_FORMAT = dwarf;
				DEFINES_MODULE = YES;
				DEVELOPMENT_TEAM = WN6G7U99K4;
				DYLIB_COMPATIBILITY_VERSION = 1;
				DYLIB_CURRENT_VERSION = 1;
				DYLIB_INSTALL_NAME_BASE = "@rpath";
				ENABLE_STRICT_OBJC_MSGSEND = YES;
				ENABLE_TESTABILITY = YES;
				FRAMEWORK_VERSION = A;
				GCC_C_LANGUAGE_STANDARD = gnu99;
				GCC_DYNAMIC_NO_PIC = NO;
				GCC_NO_COMMON_BLOCKS = YES;
				GCC_OPTIMIZATION_LEVEL = 0;
				GCC_PREPROCESSOR_DEFINITIONS = (
					"DEBUG=1",
					"$(inherited)",
				);
				GCC_WARN_64_TO_32_BIT_CONVERSION = YES;
				GCC_WARN_ABOUT_RETURN_TYPE = YES_ERROR;
				GCC_WARN_UNDECLARED_SELECTOR = YES;
				GCC_WARN_UNINITIALIZED_AUTOS = YES_AGGRESSIVE;
				GCC_WARN_UNUSED_FUNCTION = YES;
				GCC_WARN_UNUSED_VARIABLE = YES;
				INFOPLIST_FILE = TomatoesMacOS/Info.plist;
				INSTALL_PATH = "$(LOCAL_LIBRARY_DIR)/Frameworks";
				LD_RUNPATH_SEARCH_PATHS = "$(inherited) @executable_path/../Frameworks @loader_path/Frameworks";
				MACOSX_DEPLOYMENT_TARGET = 10.12;
				MTL_ENABLE_DEBUG_INFO = YES;
				ONLY_ACTIVE_ARCH = YES;
				PRODUCT_BUNDLE_IDENTIFIER = com.gii.tomatoes;
				PRODUCT_NAME = Tomatoes;
				SDKROOT = macosx;
				SKIP_INSTALL = YES;
				SWIFT_ACTIVE_COMPILATION_CONDITIONS = DEBUG;
				SWIFT_OPTIMIZATION_LEVEL = "-Onone";
				SWIFT_VERSION = 3.0;
				VERSIONING_SYSTEM = "apple-generic";
				VERSION_INFO_PREFIX = "";
			};
			name = Debug;
		};
		C7775D411E3CFFF400B55CC2 /* Release */ = {
			isa = XCBuildConfiguration;
			buildSettings = {
				ALWAYS_SEARCH_USER_PATHS = NO;
				CLANG_ANALYZER_NONNULL = YES;
				CLANG_CXX_LANGUAGE_STANDARD = "gnu++0x";
				CLANG_CXX_LIBRARY = "libc++";
				CLANG_ENABLE_MODULES = YES;
				CLANG_ENABLE_OBJC_ARC = YES;
				CLANG_WARN_BOOL_CONVERSION = YES;
				CLANG_WARN_CONSTANT_CONVERSION = YES;
				CLANG_WARN_DIRECT_OBJC_ISA_USAGE = YES_ERROR;
				CLANG_WARN_DOCUMENTATION_COMMENTS = YES;
				CLANG_WARN_EMPTY_BODY = YES;
				CLANG_WARN_ENUM_CONVERSION = YES;
				CLANG_WARN_INFINITE_RECURSION = YES;
				CLANG_WARN_INT_CONVERSION = YES;
				CLANG_WARN_OBJC_ROOT_CLASS = YES_ERROR;
				CLANG_WARN_SUSPICIOUS_MOVE = YES;
				CLANG_WARN_UNREACHABLE_CODE = YES;
				CLANG_WARN__DUPLICATE_METHOD_MATCH = YES;
				CODE_SIGN_IDENTITY = "-";
				COMBINE_HIDPI_IMAGES = YES;
				COPY_PHASE_STRIP = NO;
				CURRENT_PROJECT_VERSION = 1;
				DEBUG_INFORMATION_FORMAT = "dwarf-with-dsym";
				DEFINES_MODULE = YES;
				DEVELOPMENT_TEAM = WN6G7U99K4;
				DYLIB_COMPATIBILITY_VERSION = 1;
				DYLIB_CURRENT_VERSION = 1;
				DYLIB_INSTALL_NAME_BASE = "@rpath";
				ENABLE_NS_ASSERTIONS = NO;
				ENABLE_STRICT_OBJC_MSGSEND = YES;
				FRAMEWORK_VERSION = A;
				GCC_C_LANGUAGE_STANDARD = gnu99;
				GCC_NO_COMMON_BLOCKS = YES;
				GCC_WARN_64_TO_32_BIT_CONVERSION = YES;
				GCC_WARN_ABOUT_RETURN_TYPE = YES_ERROR;
				GCC_WARN_UNDECLARED_SELECTOR = YES;
				GCC_WARN_UNINITIALIZED_AUTOS = YES_AGGRESSIVE;
				GCC_WARN_UNUSED_FUNCTION = YES;
				GCC_WARN_UNUSED_VARIABLE = YES;
				INFOPLIST_FILE = TomatoesMacOS/Info.plist;
				INSTALL_PATH = "$(LOCAL_LIBRARY_DIR)/Frameworks";
				LD_RUNPATH_SEARCH_PATHS = "$(inherited) @executable_path/../Frameworks @loader_path/Frameworks";
				MACOSX_DEPLOYMENT_TARGET = 10.12;
				MTL_ENABLE_DEBUG_INFO = NO;
				PRODUCT_BUNDLE_IDENTIFIER = com.gii.tomatoes;
				PRODUCT_NAME = Tomatoes;
				SDKROOT = macosx;
				SKIP_INSTALL = YES;
				SWIFT_OPTIMIZATION_LEVEL = "-Owholemodule";
				SWIFT_VERSION = 3.0;
				VERSIONING_SYSTEM = "apple-generic";
				VERSION_INFO_PREFIX = "";
			};
			name = Release;
		};
		C7775D431E3CFFF400B55CC2 /* Debug */ = {
			isa = XCBuildConfiguration;
			buildSettings = {
				ALWAYS_EMBED_SWIFT_STANDARD_LIBRARIES = YES;
				ALWAYS_SEARCH_USER_PATHS = NO;
				CLANG_ANALYZER_NONNULL = YES;
				CLANG_CXX_LANGUAGE_STANDARD = "gnu++0x";
				CLANG_CXX_LIBRARY = "libc++";
				CLANG_ENABLE_MODULES = YES;
				CLANG_ENABLE_OBJC_ARC = YES;
				CLANG_WARN_BOOL_CONVERSION = YES;
				CLANG_WARN_CONSTANT_CONVERSION = YES;
				CLANG_WARN_DIRECT_OBJC_ISA_USAGE = YES_ERROR;
				CLANG_WARN_DOCUMENTATION_COMMENTS = YES;
				CLANG_WARN_EMPTY_BODY = YES;
				CLANG_WARN_ENUM_CONVERSION = YES;
				CLANG_WARN_INFINITE_RECURSION = YES;
				CLANG_WARN_INT_CONVERSION = YES;
				CLANG_WARN_OBJC_ROOT_CLASS = YES_ERROR;
				CLANG_WARN_SUSPICIOUS_MOVE = YES;
				CLANG_WARN_UNREACHABLE_CODE = YES;
				CLANG_WARN__DUPLICATE_METHOD_MATCH = YES;
				CODE_SIGN_IDENTITY = "-";
				COMBINE_HIDPI_IMAGES = YES;
				COPY_PHASE_STRIP = NO;
				DEBUG_INFORMATION_FORMAT = dwarf;
				DEVELOPMENT_TEAM = WN6G7U99K4;
				ENABLE_STRICT_OBJC_MSGSEND = YES;
				ENABLE_TESTABILITY = YES;
				FRAMEWORK_SEARCH_PATHS = (
					"$(inherited)",
					"$(PROJECT_DIR)/Carthage/Build/Mac",
				);
				GCC_C_LANGUAGE_STANDARD = gnu99;
				GCC_DYNAMIC_NO_PIC = NO;
				GCC_NO_COMMON_BLOCKS = YES;
				GCC_OPTIMIZATION_LEVEL = 0;
				GCC_PREPROCESSOR_DEFINITIONS = (
					"DEBUG=1",
					"$(inherited)",
				);
				GCC_WARN_64_TO_32_BIT_CONVERSION = YES;
				GCC_WARN_ABOUT_RETURN_TYPE = YES_ERROR;
				GCC_WARN_UNDECLARED_SELECTOR = YES;
				GCC_WARN_UNINITIALIZED_AUTOS = YES_AGGRESSIVE;
				GCC_WARN_UNUSED_FUNCTION = YES;
				GCC_WARN_UNUSED_VARIABLE = YES;
				INFOPLIST_FILE = TomatoesMacOSTests/Info.plist;
				LD_RUNPATH_SEARCH_PATHS = "$(inherited) @executable_path/../Frameworks @loader_path/../Frameworks";
				MACOSX_DEPLOYMENT_TARGET = 10.12;
				MTL_ENABLE_DEBUG_INFO = YES;
				ONLY_ACTIVE_ARCH = YES;
				PRODUCT_BUNDLE_IDENTIFIER = com.gii.TomatoesMacOSTests;
				PRODUCT_NAME = "$(TARGET_NAME)";
				SDKROOT = macosx;
				SWIFT_ACTIVE_COMPILATION_CONDITIONS = DEBUG;
				SWIFT_OPTIMIZATION_LEVEL = "-Onone";
				SWIFT_VERSION = 3.0;
			};
			name = Debug;
		};
		C7775D441E3CFFF400B55CC2 /* Release */ = {
			isa = XCBuildConfiguration;
			buildSettings = {
				ALWAYS_EMBED_SWIFT_STANDARD_LIBRARIES = YES;
				ALWAYS_SEARCH_USER_PATHS = NO;
				CLANG_ANALYZER_NONNULL = YES;
				CLANG_CXX_LANGUAGE_STANDARD = "gnu++0x";
				CLANG_CXX_LIBRARY = "libc++";
				CLANG_ENABLE_MODULES = YES;
				CLANG_ENABLE_OBJC_ARC = YES;
				CLANG_WARN_BOOL_CONVERSION = YES;
				CLANG_WARN_CONSTANT_CONVERSION = YES;
				CLANG_WARN_DIRECT_OBJC_ISA_USAGE = YES_ERROR;
				CLANG_WARN_DOCUMENTATION_COMMENTS = YES;
				CLANG_WARN_EMPTY_BODY = YES;
				CLANG_WARN_ENUM_CONVERSION = YES;
				CLANG_WARN_INFINITE_RECURSION = YES;
				CLANG_WARN_INT_CONVERSION = YES;
				CLANG_WARN_OBJC_ROOT_CLASS = YES_ERROR;
				CLANG_WARN_SUSPICIOUS_MOVE = YES;
				CLANG_WARN_UNREACHABLE_CODE = YES;
				CLANG_WARN__DUPLICATE_METHOD_MATCH = YES;
				CODE_SIGN_IDENTITY = "-";
				COMBINE_HIDPI_IMAGES = YES;
				COPY_PHASE_STRIP = NO;
				DEBUG_INFORMATION_FORMAT = "dwarf-with-dsym";
				DEVELOPMENT_TEAM = WN6G7U99K4;
				ENABLE_NS_ASSERTIONS = NO;
				ENABLE_STRICT_OBJC_MSGSEND = YES;
				FRAMEWORK_SEARCH_PATHS = (
					"$(inherited)",
					"$(PROJECT_DIR)/Carthage/Build/Mac",
				);
				GCC_C_LANGUAGE_STANDARD = gnu99;
				GCC_NO_COMMON_BLOCKS = YES;
				GCC_WARN_64_TO_32_BIT_CONVERSION = YES;
				GCC_WARN_ABOUT_RETURN_TYPE = YES_ERROR;
				GCC_WARN_UNDECLARED_SELECTOR = YES;
				GCC_WARN_UNINITIALIZED_AUTOS = YES_AGGRESSIVE;
				GCC_WARN_UNUSED_FUNCTION = YES;
				GCC_WARN_UNUSED_VARIABLE = YES;
				INFOPLIST_FILE = TomatoesMacOSTests/Info.plist;
				LD_RUNPATH_SEARCH_PATHS = "$(inherited) @executable_path/../Frameworks @loader_path/../Frameworks";
				MACOSX_DEPLOYMENT_TARGET = 10.12;
				MTL_ENABLE_DEBUG_INFO = NO;
				PRODUCT_BUNDLE_IDENTIFIER = com.gii.TomatoesMacOSTests;
				PRODUCT_NAME = "$(TARGET_NAME)";
				SDKROOT = macosx;
				SWIFT_OPTIMIZATION_LEVEL = "-Owholemodule";
				SWIFT_VERSION = 3.0;
			};
			name = Release;
		};
/* End XCBuildConfiguration section */

/* Begin XCConfigurationList section */
		C7775C9B1E3CF98200B55CC2 /* Build configuration list for PBXProject "tomatoes-swift-sdk" */ = {
			isa = XCConfigurationList;
			buildConfigurations = (
				C7775C9C1E3CF98200B55CC2 /* Debug */,
				C7775C9D1E3CF98200B55CC2 /* Release */,
			);
			defaultConfigurationIsVisible = 0;
			defaultConfigurationName = Release;
		};
		C7775D221E3CFE6900B55CC2 /* Build configuration list for PBXNativeTarget "TomatoesiOS" */ = {
			isa = XCConfigurationList;
			buildConfigurations = (
				C7775D231E3CFE6900B55CC2 /* Debug */,
				C7775D241E3CFE6900B55CC2 /* Release */,
			);
			defaultConfigurationIsVisible = 0;
			defaultConfigurationName = Release;
		};
		C7775D251E3CFE6900B55CC2 /* Build configuration list for PBXNativeTarget "TomatoesiOSTests" */ = {
			isa = XCConfigurationList;
			buildConfigurations = (
				C7775D261E3CFE6900B55CC2 /* Debug */,
				C7775D271E3CFE6900B55CC2 /* Release */,
			);
			defaultConfigurationIsVisible = 0;
			defaultConfigurationName = Release;
		};
		C7775D3F1E3CFFF400B55CC2 /* Build configuration list for PBXNativeTarget "TomatoesMacOS" */ = {
			isa = XCConfigurationList;
			buildConfigurations = (
				C7775D401E3CFFF400B55CC2 /* Debug */,
				C7775D411E3CFFF400B55CC2 /* Release */,
			);
			defaultConfigurationIsVisible = 0;
			defaultConfigurationName = Release;
		};
		C7775D421E3CFFF400B55CC2 /* Build configuration list for PBXNativeTarget "TomatoesMacOSTests" */ = {
			isa = XCConfigurationList;
			buildConfigurations = (
				C7775D431E3CFFF400B55CC2 /* Debug */,
				C7775D441E3CFFF400B55CC2 /* Release */,
			);
			defaultConfigurationIsVisible = 0;
			defaultConfigurationName = Release;
		};
/* End XCConfigurationList section */
	};
	rootObject = C7775C981E3CF98200B55CC2 /* Project object */;
}
